
Microsoft Visual Studio Solution File, Format Version 12.00
Project("{FAE04EC0-301F-11D3-BF4B-00C04F79EFBC}") = "Tutorial12", "Tutorial12\Tutorial12.csproj", "{0493CD6C-11A0-4A25-8969-E55C49F3AC1C}"
EndProject
Global
	GlobalSection(SolutionConfigurationPlatforms) = preSolution
		Debug|Any CPU = Debug|Any CPU
		Release|Any CPU = Release|Any CPU
	EndGlobalSection
	GlobalSection(ProjectConfigurationPlatforms) = postSolution
		{0493CD6C-11A0-4A25-8969-E55C49F3AC1C}.Debug|Any CPU.ActiveCfg = Debug|Any CPU
		{0493CD6C-11A0-4A25-8969-E55C49F3AC1C}.Debug|Any CPU.Build.0 = Debug|Any CPU
		{0493CD6C-11A0-4A25-8969-E55C49F3AC1C}.Release|Any CPU.ActiveCfg = Release|Any CPU
		{0493CD6C-11A0-4A25-8969-E55C49F3AC1C}.Release|Any CPU.Build.0 = Release|Any CPU
	EndGlobalSection
EndGlobal
